
Microsoft Visual Studio Solution File, Format Version 12.00
# Visual Studio Version 17
VisualStudioVersion = 17.10.35122.118
MinimumVisualStudioVersion = 10.0.40219.1
Project("{FAE04EC0-301F-11D3-BF4B-00C04F79EFBC}") = "Venta de Huevos", "Venta de Huevos\Venta de Huevos.csproj", "{F3AA90F8-3E2B-4C2E-A242-7B532ED40D3E}"
EndProject
Global
	GlobalSection(SolutionConfigurationPlatforms) = preSolution
		Debug|Any CPU = Debug|Any CPU
		Release|Any CPU = Release|Any CPU
	EndGlobalSection
	GlobalSection(ProjectConfigurationPlatforms) = postSolution
		{F3AA90F8-3E2B-4C2E-A242-7B532ED40D3E}.Debug|Any CPU.ActiveCfg = Debug|Any CPU
		{F3AA90F8-3E2B-4C2E-A242-7B532ED40D3E}.Debug|Any CPU.Build.0 = Debug|Any CPU
		{F3AA90F8-3E2B-4C2E-A242-7B532ED40D3E}.Release|Any CPU.ActiveCfg = Release|Any CPU
		{F3AA90F8-3E2B-4C2E-A242-7B532ED40D3E}.Release|Any CPU.Build.0 = Release|Any CPU
	EndGlobalSection
	GlobalSection(SolutionProperties) = preSolution
		HideSolutionNode = FALSE
	EndGlobalSection
	GlobalSection(ExtensibilityGlobals) = postSolution
		SolutionGuid = {6827A335-713C-4227-8AC2-44558485197E}
	EndGlobalSection
EndGlobal
